
Microsoft Visual Studio Solution File, Format Version 12.00
# Visual Studio Version 17
VisualStudioVersion = 17.4.33213.308
MinimumVisualStudioVersion = 10.0.40219.1
Project("{FAE04EC0-301F-11D3-BF4B-00C04F79EFBC}") = "double linked list", "double linked list.csproj", "{29BD543A-C331-4641-89F4-19646E2F2595}"
EndProject
Project("{9A19103F-16F7-4668-BE54-9A1E7A4F7556}") = "DoubleLinkedList Test", "..\DoubleLinkedList Test\DoubleLinkedList Test.csproj", "{F055EBC8-AF5C-4A53-885D-E10D15FE712D}"
EndProject
Global
	GlobalSection(SolutionConfigurationPlatforms) = preSolution
		Debug|Any CPU = Debug|Any CPU
		Release|Any CPU = Release|Any CPU
	EndGlobalSection
	GlobalSection(ProjectConfigurationPlatforms) = postSolution
		{29BD543A-C331-4641-89F4-19646E2F2595}.Debug|Any CPU.ActiveCfg = Debug|Any CPU
		{29BD543A-C331-4641-89F4-19646E2F2595}.Debug|Any CPU.Build.0 = Debug|Any CPU
		{29BD543A-C331-4641-89F4-19646E2F2595}.Release|Any CPU.ActiveCfg = Release|Any CPU
		{29BD543A-C331-4641-89F4-19646E2F2595}.Release|Any CPU.Build.0 = Release|Any CPU
		{F055EBC8-AF5C-4A53-885D-E10D15FE712D}.Debug|Any CPU.ActiveCfg = Debug|Any CPU
		{F055EBC8-AF5C-4A53-885D-E10D15FE712D}.Debug|Any CPU.Build.0 = Debug|Any CPU
		{F055EBC8-AF5C-4A53-885D-E10D15FE712D}.Release|Any CPU.ActiveCfg = Release|Any CPU
		{F055EBC8-AF5C-4A53-885D-E10D15FE712D}.Release|Any CPU.Build.0 = Release|Any CPU
	EndGlobalSection
	GlobalSection(SolutionProperties) = preSolution
		HideSolutionNode = FALSE
	EndGlobalSection
	GlobalSection(ExtensibilityGlobals) = postSolution
		SolutionGuid = {0355389D-5606-432F-AE78-7144CD0E6B14}
	EndGlobalSection
EndGlobal
