
Microsoft Visual Studio Solution File, Format Version 12.00
# Visual Studio Version 17
VisualStudioVersion = 17.4.33213.308
MinimumVisualStudioVersion = 10.0.40219.1
Project("{FAE04EC0-301F-11D3-BF4B-00C04F79EFBC}") = "Graph DFS", "Graph DFS.csproj", "{30E62555-BF4F-4D7C-B71F-670EE6E0B254}"
EndProject
Project("{FAE04EC0-301F-11D3-BF4B-00C04F79EFBC}") = "Graph dfs test", "..\Graph dfs test\Graph dfs test.csproj", "{279EB51A-F7E0-4B8E-8897-41CBE52DA418}"
EndProject
Global
	GlobalSection(SolutionConfigurationPlatforms) = preSolution
		Debug|Any CPU = Debug|Any CPU
		Release|Any CPU = Release|Any CPU
	EndGlobalSection
	GlobalSection(ProjectConfigurationPlatforms) = postSolution
		{30E62555-BF4F-4D7C-B71F-670EE6E0B254}.Debug|Any CPU.ActiveCfg = Debug|Any CPU
		{30E62555-BF4F-4D7C-B71F-670EE6E0B254}.Debug|Any CPU.Build.0 = Debug|Any CPU
		{30E62555-BF4F-4D7C-B71F-670EE6E0B254}.Release|Any CPU.ActiveCfg = Release|Any CPU
		{30E62555-BF4F-4D7C-B71F-670EE6E0B254}.Release|Any CPU.Build.0 = Release|Any CPU
		{279EB51A-F7E0-4B8E-8897-41CBE52DA418}.Debug|Any CPU.ActiveCfg = Debug|Any CPU
		{279EB51A-F7E0-4B8E-8897-41CBE52DA418}.Debug|Any CPU.Build.0 = Debug|Any CPU
		{279EB51A-F7E0-4B8E-8897-41CBE52DA418}.Release|Any CPU.ActiveCfg = Release|Any CPU
		{279EB51A-F7E0-4B8E-8897-41CBE52DA418}.Release|Any CPU.Build.0 = Release|Any CPU
	EndGlobalSection
	GlobalSection(SolutionProperties) = preSolution
		HideSolutionNode = FALSE
	EndGlobalSection
	GlobalSection(ExtensibilityGlobals) = postSolution
		SolutionGuid = {5565CADF-16CC-46C8-B654-13F08C0F733E}
	EndGlobalSection
EndGlobal
