
Microsoft Visual Studio Solution File, Format Version 12.00
# Visual Studio Version 17
VisualStudioVersion = 17.4.33213.308
MinimumVisualStudioVersion = 10.0.40219.1
Project("{FAE04EC0-301F-11D3-BF4B-00C04F79EFBC}") = "Hash table", "Hash table.csproj", "{53227720-4D74-472B-AF1B-FB544C1815DB}"
EndProject
Global
	GlobalSection(SolutionConfigurationPlatforms) = preSolution
		Debug|Any CPU = Debug|Any CPU
		Release|Any CPU = Release|Any CPU
	EndGlobalSection
	GlobalSection(ProjectConfigurationPlatforms) = postSolution
		{53227720-4D74-472B-AF1B-FB544C1815DB}.Debug|Any CPU.ActiveCfg = Debug|Any CPU
		{53227720-4D74-472B-AF1B-FB544C1815DB}.Debug|Any CPU.Build.0 = Debug|Any CPU
		{53227720-4D74-472B-AF1B-FB544C1815DB}.Release|Any CPU.ActiveCfg = Release|Any CPU
		{53227720-4D74-472B-AF1B-FB544C1815DB}.Release|Any CPU.Build.0 = Release|Any CPU
	EndGlobalSection
	GlobalSection(SolutionProperties) = preSolution
		HideSolutionNode = FALSE
	EndGlobalSection
	GlobalSection(ExtensibilityGlobals) = postSolution
		SolutionGuid = {7B9411BD-6D12-41A4-B7AB-9B081EE3AE37}
	EndGlobalSection
EndGlobal
