
Microsoft Visual Studio Solution File, Format Version 12.00
# Visual Studio Version 17
VisualStudioVersion = 17.4.33213.308
MinimumVisualStudioVersion = 10.0.40219.1
Project("{FAE04EC0-301F-11D3-BF4B-00C04F79EFBC}") = "Balanced BST", "Balanced BST.csproj", "{DDADD497-F60B-4BE8-A4DB-5904774C61B8}"
EndProject
Project("{FAE04EC0-301F-11D3-BF4B-00C04F79EFBC}") = "Balanced BST test", "..\Balanced BST test\Balanced BST test.csproj", "{E53BA909-5CA5-403C-9BD8-E2784E61354B}"
EndProject
Global
	GlobalSection(SolutionConfigurationPlatforms) = preSolution
		Debug|Any CPU = Debug|Any CPU
		Release|Any CPU = Release|Any CPU
	EndGlobalSection
	GlobalSection(ProjectConfigurationPlatforms) = postSolution
		{DDADD497-F60B-4BE8-A4DB-5904774C61B8}.Debug|Any CPU.ActiveCfg = Debug|Any CPU
		{DDADD497-F60B-4BE8-A4DB-5904774C61B8}.Debug|Any CPU.Build.0 = Debug|Any CPU
		{DDADD497-F60B-4BE8-A4DB-5904774C61B8}.Release|Any CPU.ActiveCfg = Release|Any CPU
		{DDADD497-F60B-4BE8-A4DB-5904774C61B8}.Release|Any CPU.Build.0 = Release|Any CPU
		{E53BA909-5CA5-403C-9BD8-E2784E61354B}.Debug|Any CPU.ActiveCfg = Debug|Any CPU
		{E53BA909-5CA5-403C-9BD8-E2784E61354B}.Debug|Any CPU.Build.0 = Debug|Any CPU
		{E53BA909-5CA5-403C-9BD8-E2784E61354B}.Release|Any CPU.ActiveCfg = Release|Any CPU
		{E53BA909-5CA5-403C-9BD8-E2784E61354B}.Release|Any CPU.Build.0 = Release|Any CPU
	EndGlobalSection
	GlobalSection(SolutionProperties) = preSolution
		HideSolutionNode = FALSE
	EndGlobalSection
	GlobalSection(ExtensibilityGlobals) = postSolution
		SolutionGuid = {24F2B5EB-4A37-4562-88FE-6536E1168CE2}
	EndGlobalSection
EndGlobal
