
Microsoft Visual Studio Solution File, Format Version 12.00
# Visual Studio Version 17
VisualStudioVersion = 17.4.33213.308
MinimumVisualStudioVersion = 10.0.40219.1
Project("{9A19103F-16F7-4668-BE54-9A1E7A4F7556}") = "DoubleLinkedList Test", "DoubleLinkedList Test.csproj", "{E440137A-2C4B-4AF7-9987-333099B4AA67}"
EndProject
Global
	GlobalSection(SolutionConfigurationPlatforms) = preSolution
		Debug|Any CPU = Debug|Any CPU
		Release|Any CPU = Release|Any CPU
	EndGlobalSection
	GlobalSection(ProjectConfigurationPlatforms) = postSolution
		{E440137A-2C4B-4AF7-9987-333099B4AA67}.Debug|Any CPU.ActiveCfg = Debug|Any CPU
		{E440137A-2C4B-4AF7-9987-333099B4AA67}.Debug|Any CPU.Build.0 = Debug|Any CPU
		{E440137A-2C4B-4AF7-9987-333099B4AA67}.Release|Any CPU.ActiveCfg = Release|Any CPU
		{E440137A-2C4B-4AF7-9987-333099B4AA67}.Release|Any CPU.Build.0 = Release|Any CPU
	EndGlobalSection
	GlobalSection(SolutionProperties) = preSolution
		HideSolutionNode = FALSE
	EndGlobalSection
	GlobalSection(ExtensibilityGlobals) = postSolution
		SolutionGuid = {162AA28B-6D98-4D59-90E6-D1937751AD98}
	EndGlobalSection
EndGlobal
