
Microsoft Visual Studio Solution File, Format Version 12.00
# Visual Studio Version 17
VisualStudioVersion = 17.4.33213.308
MinimumVisualStudioVersion = 10.0.40219.1
Project("{FAE04EC0-301F-11D3-BF4B-00C04F79EFBC}") = "Weak vertices", "Weak vertices.csproj", "{EF228D7A-DA7E-4E88-B135-28E94C478A64}"
EndProject
Project("{FAE04EC0-301F-11D3-BF4B-00C04F79EFBC}") = "Weak vertices test", "..\Weak vertices test\Weak vertices test.csproj", "{B79B8CBB-C42E-4007-BB32-CCEA4D896EB7}"
EndProject
Global
	GlobalSection(SolutionConfigurationPlatforms) = preSolution
		Debug|Any CPU = Debug|Any CPU
		Release|Any CPU = Release|Any CPU
	EndGlobalSection
	GlobalSection(ProjectConfigurationPlatforms) = postSolution
		{EF228D7A-DA7E-4E88-B135-28E94C478A64}.Debug|Any CPU.ActiveCfg = Debug|Any CPU
		{EF228D7A-DA7E-4E88-B135-28E94C478A64}.Debug|Any CPU.Build.0 = Debug|Any CPU
		{EF228D7A-DA7E-4E88-B135-28E94C478A64}.Release|Any CPU.ActiveCfg = Release|Any CPU
		{EF228D7A-DA7E-4E88-B135-28E94C478A64}.Release|Any CPU.Build.0 = Release|Any CPU
		{B79B8CBB-C42E-4007-BB32-CCEA4D896EB7}.Debug|Any CPU.ActiveCfg = Debug|Any CPU
		{B79B8CBB-C42E-4007-BB32-CCEA4D896EB7}.Debug|Any CPU.Build.0 = Debug|Any CPU
		{B79B8CBB-C42E-4007-BB32-CCEA4D896EB7}.Release|Any CPU.ActiveCfg = Release|Any CPU
		{B79B8CBB-C42E-4007-BB32-CCEA4D896EB7}.Release|Any CPU.Build.0 = Release|Any CPU
	EndGlobalSection
	GlobalSection(SolutionProperties) = preSolution
		HideSolutionNode = FALSE
	EndGlobalSection
	GlobalSection(ExtensibilityGlobals) = postSolution
		SolutionGuid = {B675F7D3-DAAD-4045-9BE1-0DFFEE1EE236}
	EndGlobalSection
EndGlobal
